// !$*UTF8*$!
{
	archiveVersion = 1;
	classes = {
	};
	objectVersion = 56;
	objects = {

/* Begin PBXBuildFile section */
		491EDD652A1D14CA00392294 /* userInterfacePracticeApp.swift in Sources */ = {isa = PBXBuildFile; fileRef = 491EDD642A1D14CA00392294 /* userInterfacePracticeApp.swift */; };
		491EDD692A1D14CC00392294 /* Assets.xcassets in Resources */ = {isa = PBXBuildFile; fileRef = 491EDD682A1D14CC00392294 /* Assets.xcassets */; };
		491EDD6C2A1D14CC00392294 /* Preview Assets.xcassets in Resources */ = {isa = PBXBuildFile; fileRef = 491EDD6B2A1D14CC00392294 /* Preview Assets.xcassets */; };
		491EDD742A1D152F00392294 /* BeethovenView.swift in Sources */ = {isa = PBXBuildFile; fileRef = 491EDD732A1D152F00392294 /* BeethovenView.swift */; };
		49A3CEBB2A1D91130035336D /* BeethovenProperty.swift in Sources */ = {isa = PBXBuildFile; fileRef = 49A3CEBA2A1D91130035336D /* BeethovenProperty.swift */; };
		49A3CEBF2A1D96B60035336D /* Template.swift in Sources */ = {isa = PBXBuildFile; fileRef = 49A3CEBE2A1D96B60035336D /* Template.swift */; };
/* End PBXBuildFile section */

/* Begin PBXFileReference section */
		491EDD612A1D14CA00392294 /* userInterfacePractice.app */ = {isa = PBXFileReference; explicitFileType = wrapper.application; includeInIndex = 0; path = userInterfacePractice.app; sourceTree = BUILT_PRODUCTS_DIR; };
		491EDD642A1D14CA00392294 /* userInterfacePracticeApp.swift */ = {isa = PBXFileReference; lastKnownFileType = sourcecode.swift; path = userInterfacePracticeApp.swift; sourceTree = "<group>"; };
		491EDD682A1D14CC00392294 /* Assets.xcassets */ = {isa = PBXFileReference; lastKnownFileType = folder.assetcatalog; path = Assets.xcassets; sourceTree = "<group>"; };
		491EDD6B2A1D14CC00392294 /* Preview Assets.xcassets */ = {isa = PBXFileReference; lastKnownFileType = folder.assetcatalog; path = "Preview Assets.xcassets"; sourceTree = "<group>"; };
		491EDD732A1D152F00392294 /* BeethovenView.swift */ = {isa = PBXFileReference; lastKnownFileType = sourcecode.swift; path = BeethovenView.swift; sourceTree = "<group>"; };
		49A3CEBA2A1D91130035336D /* BeethovenProperty.swift */ = {isa = PBXFileReference; lastKnownFileType = sourcecode.swift; path = BeethovenProperty.swift; sourceTree = "<group>"; };
		49A3CEBE2A1D96B60035336D /* Template.swift */ = {isa = PBXFileReference; lastKnownFileType = sourcecode.swift; path = Template.swift; sourceTree = "<group>"; };
/* End PBXFileReference section */

/* Begin PBXFrameworksBuildPhase section */
		491EDD5E2A1D14CA00392294 /* Frameworks */ = {
			isa = PBXFrameworksBuildPhase;
			buildActionMask = 2147483647;
			files = (
			);
			runOnlyForDeploymentPostprocessing = 0;
		};
/* End PBXFrameworksBuildPhase section */

/* Begin PBXGroup section */
		491EDD582A1D14CA00392294 = {
			isa = PBXGroup;
			children = (
				491EDD632A1D14CA00392294 /* userInterfacePractice */,
				491EDD622A1D14CA00392294 /* Products */,
			);
			sourceTree = "<group>";
		};
		491EDD622A1D14CA00392294 /* Products */ = {
			isa = PBXGroup;
			children = (
				491EDD612A1D14CA00392294 /* userInterfacePractice.app */,
			);
			name = Products;
			sourceTree = "<group>";
		};
		491EDD632A1D14CA00392294 /* userInterfacePractice */ = {
			isa = PBXGroup;
			children = (
				491EDD642A1D14CA00392294 /* userInterfacePracticeApp.swift */,
				49A3CEBA2A1D91130035336D /* BeethovenProperty.swift */,
				491EDD722A1D14EE00392294 /* Views */,
				491EDD682A1D14CC00392294 /* Assets.xcassets */,
				491EDD6A2A1D14CC00392294 /* Preview Content */,
			);
			path = userInterfacePractice;
			sourceTree = "<group>";
		};
		491EDD6A2A1D14CC00392294 /* Preview Content */ = {
			isa = PBXGroup;
			children = (
				491EDD6B2A1D14CC00392294 /* Preview Assets.xcassets */,
			);
			path = "Preview Content";
			sourceTree = "<group>";
		};
		491EDD722A1D14EE00392294 /* Views */ = {
			isa = PBXGroup;
			children = (
				491EDD732A1D152F00392294 /* BeethovenView.swift */,
				49A3CEBE2A1D96B60035336D /* Template.swift */,
			);
			path = Views;
			sourceTree = "<group>";
		};
/* End PBXGroup section */

/* Begin PBXNativeTarget section */
		491EDD602A1D14CA00392294 /* userInterfacePractice */ = {
			isa = PBXNativeTarget;
			buildConfigurationList = 491EDD6F2A1D14CC00392294 /* Build configuration list for PBXNativeTarget "userInterfacePractice" */;
			buildPhases = (
				491EDD5D2A1D14CA00392294 /* Sources */,
				491EDD5E2A1D14CA00392294 /* Frameworks */,
				491EDD5F2A1D14CA00392294 /* Resources */,
			);
			buildRules = (
			);
			dependencies = (
			);
			name = userInterfacePractice;
			productName = userInterfacePractice;
			productReference = 491EDD612A1D14CA00392294 /* userInterfacePractice.app */;
			productType = "com.apple.product-type.application";
		};
/* End PBXNativeTarget section */

/* Begin PBXProject section */
		491EDD592A1D14CA00392294 /* Project object */ = {
			isa = PBXProject;
			attributes = {
				BuildIndependentTargetsInParallel = 1;
				LastSwiftUpdateCheck = 1410;
				LastUpgradeCheck = 1410;
				TargetAttributes = {
					491EDD602A1D14CA00392294 = {
						CreatedOnToolsVersion = 14.1;
					};
				};
			};
			buildConfigurationList = 491EDD5C2A1D14CA00392294 /* Build configuration list for PBXProject "userInterfacePractice" */;
			compatibilityVersion = "Xcode 14.0";
			developmentRegion = en;
			hasScannedForEncodings = 0;
			knownRegions = (
				en,
				Base,
			);
			mainGroup = 491EDD582A1D14CA00392294;
			productRefGroup = 491EDD622A1D14CA00392294 /* Products */;
			projectDirPath = "";
			projectRoot = "";
			targets = (
				491EDD602A1D14CA00392294 /* userInterfacePractice */,
			);
		};
/* End PBXProject section */

/* Begin PBXResourcesBuildPhase section */
		491EDD5F2A1D14CA00392294 /* Resources */ = {
			isa = PBXResourcesBuildPhase;
			buildActionMask = 2147483647;
			files = (
				491EDD6C2A1D14CC00392294 /* Preview Assets.xcassets in Resources */,
				491EDD692A1D14CC00392294 /* Assets.xcassets in Resources */,
			);
			runOnlyForDeploymentPostprocessing = 0;
		};
/* End PBXResourcesBuildPhase section */

/* Begin PBXSourcesBuildPhase section */
		491EDD5D2A1D14CA00392294 /* Sources */ = {
			isa = PBXSourcesBuildPhase;
			buildActionMask = 2147483647;
			files = (
				491EDD652A1D14CA00392294 /* userInterfacePracticeApp.swift in Sources */,
				49A3CEBF2A1D96B60035336D /* Template.swift in Sources */,
				491EDD742A1D152F00392294 /* BeethovenView.swift in Sources */,
				49A3CEBB2A1D91130035336D /* BeethovenProperty.swift in Sources */,
			);
			runOnlyForDeploymentPostprocessing = 0;
		};
/* End PBXSourcesBuildPhase section */

/* Begin XCBuildConfiguration section */
		491EDD6D2A1D14CC00392294 /* Debug */ = {
			isa = XCBuildConfiguration;
			buildSettings = {
				ALWAYS_SEARCH_USER_PATHS = NO;
				CLANG_ANALYZER_NONNULL = YES;
				CLANG_ANALYZER_NUMBER_OBJECT_CONVERSION = YES_AGGRESSIVE;
				CLANG_CXX_LANGUAGE_STANDARD = "gnu++20";
				CLANG_ENABLE_MODULES = YES;
				CLANG_ENABLE_OBJC_ARC = YES;
				CLANG_ENABLE_OBJC_WEAK = YES;
				CLANG_WARN_BLOCK_CAPTURE_AUTORELEASING = YES;
				CLANG_WARN_BOOL_CONVERSION = YES;
				CLANG_WARN_COMMA = YES;
				CLANG_WARN_CONSTANT_CONVERSION = YES;
				CLANG_WARN_DEPRECATED_OBJC_IMPLEMENTATIONS = YES;
				CLANG_WARN_DIRECT_OBJC_ISA_USAGE = YES_ERROR;
				CLANG_WARN_DOCUMENTATION_COMMENTS = YES;
				CLANG_WARN_EMPTY_BODY = YES;
				CLANG_WARN_ENUM_CONVERSION = YES;
				CLANG_WARN_INFINITE_RECURSION = YES;
				CLANG_WARN_INT_CONVERSION = YES;
				CLANG_WARN_NON_LITERAL_NULL_CONVERSION = YES;
				CLANG_WARN_OBJC_IMPLICIT_RETAIN_SELF = YES;
				CLANG_WARN_OBJC_LITERAL_CONVERSION = YES;
				CLANG_WARN_OBJC_ROOT_CLASS = YES_ERROR;
				CLANG_WARN_QUOTED_INCLUDE_IN_FRAMEWORK_HEADER = YES;
				CLANG_WARN_RANGE_LOOP_ANALYSIS = YES;
				CLANG_WARN_STRICT_PROTOTYPES = YES;
				CLANG_WARN_SUSPICIOUS_MOVE = YES;
				CLANG_WARN_UNGUARDED_AVAILABILITY = YES_AGGRESSIVE;
				CLANG_WARN_UNREACHABLE_CODE = YES;
				CLANG_WARN__DUPLICATE_METHOD_MATCH = YES;
				COPY_PHASE_STRIP = NO;
				DEBUG_INFORMATION_FORMAT = dwarf;
				ENABLE_STRICT_OBJC_MSGSEND = YES;
				ENABLE_TESTABILITY = YES;
				GCC_C_LANGUAGE_STANDARD = gnu11;
				GCC_DYNAMIC_NO_PIC = NO;
				GCC_NO_COMMON_BLOCKS = YES;
				GCC_OPTIMIZATION_LEVEL = 0;
				GCC_PREPROCESSOR_DEFINITIONS = (
					"DEBUG=1",
					"$(inherited)",
				);
				GCC_WARN_64_TO_32_BIT_CONVERSION = YES;
				GCC_WARN_ABOUT_RETURN_TYPE = YES_ERROR;
				GCC_WARN_UNDECLARED_SELECTOR = YES;
				GCC_WARN_UNINITIALIZED_AUTOS = YES_AGGRESSIVE;
				GCC_WARN_UNUSED_FUNCTION = YES;
				GCC_WARN_UNUSED_VARIABLE = YES;
				IPHONEOS_DEPLOYMENT_TARGET = 16.1;
				MTL_ENABLE_DEBUG_INFO = INCLUDE_SOURCE;
				MTL_FAST_MATH = YES;
				ONLY_ACTIVE_ARCH = YES;
				SDKROOT = iphoneos;
				SWIFT_ACTIVE_COMPILATION_CONDITIONS = DEBUG;
				SWIFT_OPTIMIZATION_LEVEL = "-Onone";
			};
			name = Debug;
		};
		491EDD6E2A1D14CC00392294 /* Release */ = {
			isa = XCBuildConfiguration;
			buildSettings = {
				ALWAYS_SEARCH_USER_PATHS = NO;
				CLANG_ANALYZER_NONNULL = YES;
				CLANG_ANALYZER_NUMBER_OBJECT_CONVERSION = YES_AGGRESSIVE;
				CLANG_CXX_LANGUAGE_STANDARD = "gnu++20";
				CLANG_ENABLE_MODULES = YES;
				CLANG_ENABLE_OBJC_ARC = YES;
				CLANG_ENABLE_OBJC_WEAK = YES;
				CLANG_WARN_BLOCK_CAPTURE_AUTORELEASING = YES;
				CLANG_WARN_BOOL_CONVERSION = YES;
				CLANG_WARN_COMMA = YES;
				CLANG_WARN_CONSTANT_CONVERSION = YES;
				CLANG_WARN_DEPRECATED_OBJC_IMPLEMENTATIONS = YES;
				CLANG_WARN_DIRECT_OBJC_ISA_USAGE = YES_ERROR;
				CLANG_WARN_DOCUMENTATION_COMMENTS = YES;
				CLANG_WARN_EMPTY_BODY = YES;
				CLANG_WARN_ENUM_CONVERSION = YES;
				CLANG_WARN_INFINITE_RECURSION = YES;
				CLANG_WARN_INT_CONVERSION = YES;
				CLANG_WARN_NON_LITERAL_NULL_CONVERSION = YES;
				CLANG_WARN_OBJC_IMPLICIT_RETAIN_SELF = YES;
				CLANG_WARN_OBJC_LITERAL_CONVERSION = YES;
				CLANG_WARN_OBJC_ROOT_CLASS = YES_ERROR;
				CLANG_WARN_QUOTED_INCLUDE_IN_FRAMEWORK_HEADER = YES;
				CLANG_WARN_RANGE_LOOP_ANALYSIS = YES;
				CLANG_WARN_STRICT_PROTOTYPES = YES;
				CLANG_WARN_SUSPICIOUS_MOVE = YES;
				CLANG_WARN_UNGUARDED_AVAILABILITY = YES_AGGRESSIVE;
				CLANG_WARN_UNREACHABLE_CODE = YES;
				CLANG_WARN__DUPLICATE_METHOD_MATCH = YES;
				COPY_PHASE_STRIP = NO;
				DEBUG_INFORMATION_FORMAT = "dwarf-with-dsym";
				ENABLE_NS_ASSERTIONS = NO;
				ENABLE_STRICT_OBJC_MSGSEND = YES;
				GCC_C_LANGUAGE_STANDARD = gnu11;
				GCC_NO_COMMON_BLOCKS = YES;
				GCC_WARN_64_TO_32_BIT_CONVERSION = YES;
				GCC_WARN_ABOUT_RETURN_TYPE = YES_ERROR;
				GCC_WARN_UNDECLARED_SELECTOR = YES;
				GCC_WARN_UNINITIALIZED_AUTOS = YES_AGGRESSIVE;
				GCC_WARN_UNUSED_FUNCTION = YES;
				GCC_WARN_UNUSED_VARIABLE = YES;
				IPHONEOS_DEPLOYMENT_TARGET = 16.1;
				MTL_ENABLE_DEBUG_INFO = NO;
				MTL_FAST_MATH = YES;
				SDKROOT = iphoneos;
				SWIFT_COMPILATION_MODE = wholemodule;
				SWIFT_OPTIMIZATION_LEVEL = "-O";
				VALIDATE_PRODUCT = YES;
			};
			name = Release;
		};
		491EDD702A1D14CC00392294 /* Debug */ = {
			isa = XCBuildConfiguration;
			buildSettings = {
				ASSETCATALOG_COMPILER_APPICON_NAME = AppIcon;
				ASSETCATALOG_COMPILER_GLOBAL_ACCENT_COLOR_NAME = AccentColor;
				CODE_SIGN_STYLE = Automatic;
				CURRENT_PROJECT_VERSION = 1;
				DEVELOPMENT_ASSET_PATHS = "\"userInterfacePractice/Preview Content\"";
				DEVELOPMENT_TEAM = NH4G2X7X2G;
				ENABLE_PREVIEWS = YES;
				GENERATE_INFOPLIST_FILE = YES;
				INFOPLIST_KEY_UIApplicationSceneManifest_Generation = YES;
				INFOPLIST_KEY_UIApplicationSupportsIndirectInputEvents = YES;
				INFOPLIST_KEY_UILaunchScreen_Generation = YES;
				INFOPLIST_KEY_UISupportedInterfaceOrientations_iPad = "UIInterfaceOrientationPortrait UIInterfaceOrientationPortraitUpsideDown UIInterfaceOrientationLandscapeLeft UIInterfaceOrientationLandscapeRight";
				INFOPLIST_KEY_UISupportedInterfaceOrientations_iPhone = "UIInterfaceOrientationPortrait UIInterfaceOrientationLandscapeLeft UIInterfaceOrientationLandscapeRight";
				LD_RUNPATH_SEARCH_PATHS = (
					"$(inherited)",
					"@executable_path/Frameworks",
				);
				MARKETING_VERSION = 1.0;
				PRODUCT_BUNDLE_IDENTIFIER = davidli.ca.userInterfacePractice;
				PRODUCT_NAME = "$(TARGET_NAME)";
				SWIFT_EMIT_LOC_STRINGS = YES;
				SWIFT_VERSION = 5.0;
				TARGETED_DEVICE_FAMILY = "1,2";
			};
			name = Debug;
		};
		491EDD712A1D14CC00392294 /* Release */ = {
			isa = XCBuildConfiguration;
			buildSettings = {
				ASSETCATALOG_COMPILER_APPICON_NAME = AppIcon;
				ASSETCATALOG_COMPILER_GLOBAL_ACCENT_COLOR_NAME = AccentColor;
				CODE_SIGN_STYLE = Automatic;
				CURRENT_PROJECT_VERSION = 1;
				DEVELOPMENT_ASSET_PATHS = "\"userInterfacePractice/Preview Content\"";
				DEVELOPMENT_TEAM = NH4G2X7X2G;
				ENABLE_PREVIEWS = YES;
				GENERATE_INFOPLIST_FILE = YES;
				INFOPLIST_KEY_UIApplicationSceneManifest_Generation = YES;
				INFOPLIST_KEY_UIApplicationSupportsIndirectInputEvents = YES;
				INFOPLIST_KEY_UILaunchScreen_Generation = YES;
				INFOPLIST_KEY_UISupportedInterfaceOrientations_iPad = "UIInterfaceOrientationPortrait UIInterfaceOrientationPortraitUpsideDown UIInterfaceOrientationLandscapeLeft UIInterfaceOrientationLandscapeRight";
				INFOPLIST_KEY_UISupportedInterfaceOrientations_iPhone = "UIInterfaceOrientationPortrait UIInterfaceOrientationLandscapeLeft UIInterfaceOrientationLandscapeRight";
				LD_RUNPATH_SEARCH_PATHS = (
					"$(inherited)",
					"@executable_path/Frameworks",
				);
				MARKETING_VERSION = 1.0;
				PRODUCT_BUNDLE_IDENTIFIER = davidli.ca.userInterfacePractice;
				PRODUCT_NAME = "$(TARGET_NAME)";
				SWIFT_EMIT_LOC_STRINGS = YES;
				SWIFT_VERSION = 5.0;
				TARGETED_DEVICE_FAMILY = "1,2";
			};
			name = Release;
		};
/* End XCBuildConfiguration section */

/* Begin XCConfigurationList section */
		491EDD5C2A1D14CA00392294 /* Build configuration list for PBXProject "userInterfacePractice" */ = {
			isa = XCConfigurationList;
			buildConfigurations = (
				491EDD6D2A1D14CC00392294 /* Debug */,
				491EDD6E2A1D14CC00392294 /* Release */,
			);
			defaultConfigurationIsVisible = 0;
			defaultConfigurationName = Release;
		};
		491EDD6F2A1D14CC00392294 /* Build configuration list for PBXNativeTarget "userInterfacePractice" */ = {
			isa = XCConfigurationList;
			buildConfigurations = (
				491EDD702A1D14CC00392294 /* Debug */,
				491EDD712A1D14CC00392294 /* Release */,
			);
			defaultConfigurationIsVisible = 0;
			defaultConfigurationName = Release;
		};
/* End XCConfigurationList section */
	};
	rootObject = 491EDD592A1D14CA00392294 /* Project object */;
}
